
Microsoft Visual Studio Solution File, Format Version 12.00
# Visual Studio Version 17
VisualStudioVersion = 17.4.33213.308
MinimumVisualStudioVersion = 10.0.40219.1
Project("{FAE04EC0-301F-11D3-BF4B-00C04F79EFBC}") = "ConsoleAppdz_10", "ConsoleAppdz_10\ConsoleAppdz_10.csproj", "{629A31B9-19D5-4334-8B27-26AF7CF63CE2}"
EndProject
Global
	GlobalSection(SolutionConfigurationPlatforms) = preSolution
		Debug|Any CPU = Debug|Any CPU
		Release|Any CPU = Release|Any CPU
	EndGlobalSection
	GlobalSection(ProjectConfigurationPlatforms) = postSolution
		{629A31B9-19D5-4334-8B27-26AF7CF63CE2}.Debug|Any CPU.ActiveCfg = Debug|Any CPU
		{629A31B9-19D5-4334-8B27-26AF7CF63CE2}.Debug|Any CPU.Build.0 = Debug|Any CPU
		{629A31B9-19D5-4334-8B27-26AF7CF63CE2}.Release|Any CPU.ActiveCfg = Release|Any CPU
		{629A31B9-19D5-4334-8B27-26AF7CF63CE2}.Release|Any CPU.Build.0 = Release|Any CPU
	EndGlobalSection
	GlobalSection(SolutionProperties) = preSolution
		HideSolutionNode = FALSE
	EndGlobalSection
	GlobalSection(ExtensibilityGlobals) = postSolution
		SolutionGuid = {30FF8EE3-0CB8-456B-885B-B967814F05CD}
	EndGlobalSection
EndGlobal
